
Microsoft Visual Studio Solution File, Format Version 12.00
# Visual Studio Version 17
VisualStudioVersion = 17.10.34928.147
MinimumVisualStudioVersion = 10.0.40219.1
Project("{FAE04EC0-301F-11D3-BF4B-00C04F79EFBC}") = "EnderStorageDB", "EnderStorageDB.csproj", "{6906DD6D-8CF1-4F3F-9775-512C36CFF286}"
EndProject
Global
	GlobalSection(SolutionConfigurationPlatforms) = preSolution
		Debug|Any CPU = Debug|Any CPU
		Release|Any CPU = Release|Any CPU
	EndGlobalSection
	GlobalSection(ProjectConfigurationPlatforms) = postSolution
		{6906DD6D-8CF1-4F3F-9775-512C36CFF286}.Debug|Any CPU.ActiveCfg = Debug|Any CPU
		{6906DD6D-8CF1-4F3F-9775-512C36CFF286}.Debug|Any CPU.Build.0 = Debug|Any CPU
		{6906DD6D-8CF1-4F3F-9775-512C36CFF286}.Release|Any CPU.ActiveCfg = Release|Any CPU
		{6906DD6D-8CF1-4F3F-9775-512C36CFF286}.Release|Any CPU.Build.0 = Release|Any CPU
	EndGlobalSection
	GlobalSection(SolutionProperties) = preSolution
		HideSolutionNode = FALSE
	EndGlobalSection
	GlobalSection(ExtensibilityGlobals) = postSolution
		SolutionGuid = {2DD3A014-9F9F-4E0B-A2F7-89F842BA3C5D}
	EndGlobalSection
EndGlobal
